{
  "name": "cofou",
  "lockfileVersion": 3,
  "requires": true,
  "packages": {
    "": {
      "dependencies": {
        "hermes": "^0.4.4"
      }
    },
    "node_modules/ansi-styles": {
      "version": "1.0.0",
      "resolved": "https://registry.npmjs.org/ansi-styles/-/ansi-styles-1.0.0.tgz",
      "integrity": "sha512-3iF4FIKdxaVYT3JqQuY3Wat/T2t7TRbbQ94Fu50ZUCbLy4TFbTzr90NOHQodQkNqmeEGCw8WbeP78WNi6SKYUA==",
      "license": "MIT",
      "engines": {
        "node": ">=0.8.0"
      }
    },
    "node_modules/chalk": {
      "version": "0.4.0",
      "resolved": "https://registry.npmjs.org/chalk/-/chalk-0.4.0.tgz",
      "integrity": "sha512-sQfYDlfv2DGVtjdoQqxS0cEZDroyG8h6TamA6rvxwlrU5BaSLDx9xhatBYl2pxZ7gmpNaPFVwBtdGdu5rQ+tYQ==",
      "license": "MIT",
      "dependencies": {
        "ansi-styles": "~1.0.0",
        "has-color": "~0.1.0",
        "strip-ansi": "~0.1.0"
      },
      "engines": {
        "node": ">=0.8.0"
      }
    },
    "node_modules/commander": {
      "version": "2.20.3",
      "resolved": "https://registry.npmjs.org/commander/-/commander-2.20.3.tgz",
      "integrity": "sha512-GpVkmM8vF2vQUkj2LvZmD35JxeJOLCwJ9cUkugyk2nuhbv3+mJvpLYYt+0+USMxE+oj+ey/lJEnhZw75x/OMcQ==",
      "license": "MIT"
    },
    "node_modules/component-props": {
      "version": "1.1.1",
      "resolved": "https://registry.npmjs.org/component-props/-/component-props-1.1.1.tgz",
      "integrity": "sha512-69pIRJs9fCCHRqCz3390YF2LV1Lu6iEMZ5zuVqqUn+G20V9BNXlMs0cWawWeW9g4Ynmg29JmkG6R7/lUJoGd1Q=="
    },
    "node_modules/component-type": {
      "version": "1.2.2",
      "resolved": "https://registry.npmjs.org/component-type/-/component-type-1.2.2.tgz",
      "integrity": "sha512-99VUHREHiN5cLeHm3YLq312p6v+HUEcwtLCAtelvUDI6+SH5g5Cr85oNR2S1o6ywzL0ykMbuwLzM2ANocjEOIA==",
      "license": "MIT",
      "funding": {
        "url": "https://github.com/sponsors/sindresorhus"
      }
    },
    "node_modules/has-color": {
      "version": "0.1.7",
      "resolved": "https://registry.npmjs.org/has-color/-/has-color-0.1.7.tgz",
      "integrity": "sha512-kaNz5OTAYYmt646Hkqw50/qyxP2vFnTVu5AQ1Zmk22Kk5+4Qx6BpO8+u7IKsML5fOsFk0ZT0AcCJNYwcvaLBvw==",
      "license": "MIT",
      "engines": {
        "node": ">=0.10.0"
      }
    },
    "node_modules/hermes": {
      "version": "0.4.4",
      "resolved": "https://registry.npmjs.org/hermes/-/hermes-0.4.4.tgz",
      "integrity": "sha512-vFNxmXTVXw+h0ENDMTb7zUQL02x1zDzo/T/iv5oHQcpJTNuMUPOa4IStMkMmnXQ0VPdUeLrv1reYDO/llSoQDA==",
      "license": "MIT",
      "dependencies": {
        "chalk": "^0.4.0",
        "commander": "^2.2.0",
        "component-type": "^1.0.0",
        "indent": "0.0.1",
        "lodash": "~2.4.1",
        "to-function": "~2.0.3"
      },
      "bin": {
        "hermes": "bin/hermes"
      }
    },
    "node_modules/indent": {
      "version": "0.0.1",
      "resolved": "https://registry.npmjs.org/indent/-/indent-0.0.1.tgz",
      "integrity": "sha512-/hVSIXBSWKOLnDfzTCQ/Y+EpD5JqcZIv0puVur7kwy1rH8kssgNzArMzzs/xSqBqv5zYixNvreC0TFTpTaInQw==",
      "license": "MIT"
    },
    "node_modules/lodash": {
      "version": "2.4.2",
      "resolved": "https://registry.npmjs.org/lodash/-/lodash-2.4.2.tgz",
      "integrity": "sha512-Kak1hi6/hYHGVPmdyiZijoQyz5x2iGVzs6w9GYB/HiXEtylY7tIoYEROMjvM1d9nXJqPOrG2MNPMn01bJ+S0Rw==",
      "engines": [
        "node",
        "rhino"
      ],
      "license": "MIT"
    },
    "node_modules/strip-ansi": {
      "version": "0.1.1",
      "resolved": "https://registry.npmjs.org/strip-ansi/-/strip-ansi-0.1.1.tgz",
      "integrity": "sha512-behete+3uqxecWlDAm5lmskaSaISA+ThQ4oNNBDTBJt0x2ppR6IPqfZNuj6BLaLJ/Sji4TPZlcRyOis8wXQTLg==",
      "license": "MIT",
      "bin": {
        "strip-ansi": "cli.js"
      },
      "engines": {
        "node": ">=0.8.0"
      }
    },
    "node_modules/to-function": {
      "version": "2.0.6",
      "resolved": "https://registry.npmjs.org/to-function/-/to-function-2.0.6.tgz",
      "integrity": "sha512-LWfUmW851x5T8+78Nl82CA2j6w0trhoFj4rpS6pFUMgfUMUySDAKPgTvQkUqlWuH3Lihlk5sPyDHSVwmKDSc5Q==",
      "dependencies": {
        "component-props": "*"
      }
    }
  }
}
